// !$*UTF8*$!
{
	archiveVersion = 1;
	classes = {
	};
	objectVersion = 56;
	objects = {

/* Begin PBXBuildFile section */
		203BCDEA2B9CA3720072B39F /* RickAndMortyApp.swift in Sources */ = {isa = PBXBuildFile; fileRef = 203BCDE92B9CA3720072B39F /* RickAndMortyApp.swift */; };
		203BCDEE2B9CA3750072B39F /* Assets.xcassets in Resources */ = {isa = PBXBuildFile; fileRef = 203BCDED2B9CA3750072B39F /* Assets.xcassets */; };
		203BCDF12B9CA3750072B39F /* Preview Assets.xcassets in Resources */ = {isa = PBXBuildFile; fileRef = 203BCDF02B9CA3750072B39F /* Preview Assets.xcassets */; };
		203BCDFB2B9CA3760072B39F /* RickAndMortyTests.swift in Sources */ = {isa = PBXBuildFile; fileRef = 203BCDFA2B9CA3760072B39F /* RickAndMortyTests.swift */; };
		203BCE052B9CA3760072B39F /* RickAndMortyUITests.swift in Sources */ = {isa = PBXBuildFile; fileRef = 203BCE042B9CA3760072B39F /* RickAndMortyUITests.swift */; };
		203BCE072B9CA3760072B39F /* RickAndMortyUITestsLaunchTests.swift in Sources */ = {isa = PBXBuildFile; fileRef = 203BCE062B9CA3760072B39F /* RickAndMortyUITestsLaunchTests.swift */; };
		203BCE172B9CA4170072B39F /* CharacterDetailsViewModel.swift in Sources */ = {isa = PBXBuildFile; fileRef = 203BCE162B9CA4170072B39F /* CharacterDetailsViewModel.swift */; };
		203BCE192B9CA4240072B39F /* CharacterDetailsView.swift in Sources */ = {isa = PBXBuildFile; fileRef = 203BCE182B9CA4240072B39F /* CharacterDetailsView.swift */; };
		203BCE1B2B9CA4310072B39F /* CharactersListView.swift in Sources */ = {isa = PBXBuildFile; fileRef = 203BCE1A2B9CA4310072B39F /* CharactersListView.swift */; };
		203BCE1D2B9CA43F0072B39F /* CharacterListViewModel.swift in Sources */ = {isa = PBXBuildFile; fileRef = 203BCE1C2B9CA43F0072B39F /* CharacterListViewModel.swift */; };
		203BCE222B9CA49B0072B39F /* AppCoordinator.swift in Sources */ = {isa = PBXBuildFile; fileRef = 203BCE212B9CA49B0072B39F /* AppCoordinator.swift */; };
		203BCE262B9CA56C0072B39F /* AppContentView.swift in Sources */ = {isa = PBXBuildFile; fileRef = 203BCE252B9CA56C0072B39F /* AppContentView.swift */; };
		203BCE2B2B9CAA1B0072B39F /* CharactersRepository.swift in Sources */ = {isa = PBXBuildFile; fileRef = 203BCE2A2B9CAA1B0072B39F /* CharactersRepository.swift */; };
		203BCE302B9CAB960072B39F /* CharacterResponse.swift in Sources */ = {isa = PBXBuildFile; fileRef = 203BCE2F2B9CAB960072B39F /* CharacterResponse.swift */; };
		203BCE322B9CABE50072B39F /* MiddlewareManager.swift in Sources */ = {isa = PBXBuildFile; fileRef = 203BCE312B9CABE50072B39F /* MiddlewareManager.swift */; };
		203BCE342B9CAC0F0072B39F /* APIRequestConvertible.swift in Sources */ = {isa = PBXBuildFile; fileRef = 203BCE332B9CAC0F0072B39F /* APIRequestConvertible.swift */; };
		203BCE362B9CADF40072B39F /* APIError.swift in Sources */ = {isa = PBXBuildFile; fileRef = 203BCE352B9CADF40072B39F /* APIError.swift */; };
		203BCE382B9CAE5E0072B39F /* APIResult.swift in Sources */ = {isa = PBXBuildFile; fileRef = 203BCE372B9CAE5E0072B39F /* APIResult.swift */; };
		203BCE3C2B9CBA130072B39F /* CreateCharactersListUseCase.swift in Sources */ = {isa = PBXBuildFile; fileRef = 203BCE3B2B9CBA130072B39F /* CreateCharactersListUseCase.swift */; };
		203BCE3E2B9CBAD90072B39F /* CharacterModel.swift in Sources */ = {isa = PBXBuildFile; fileRef = 203BCE3D2B9CBAD90072B39F /* CharacterModel.swift */; };
		203BCE402B9CBEB20072B39F /* GetCharactersListUseCase.swift in Sources */ = {isa = PBXBuildFile; fileRef = 203BCE3F2B9CBEB20072B39F /* GetCharactersListUseCase.swift */; };
		203BCE432B9CE3C20072B39F /* Styles.swift in Sources */ = {isa = PBXBuildFile; fileRef = 203BCE422B9CE3C20072B39F /* Styles.swift */; };
		203BCE452B9CE8BB0072B39F /* CharacterListState.swift in Sources */ = {isa = PBXBuildFile; fileRef = 203BCE442B9CE8BB0072B39F /* CharacterListState.swift */; };
		203BCE472B9CEBA80072B39F /* RMAsyncImage.swift in Sources */ = {isa = PBXBuildFile; fileRef = 203BCE462B9CEBA80072B39F /* RMAsyncImage.swift */; };
/* End PBXBuildFile section */

/* Begin PBXContainerItemProxy section */
		203BCDF72B9CA3760072B39F /* PBXContainerItemProxy */ = {
			isa = PBXContainerItemProxy;
			containerPortal = 203BCDDE2B9CA3720072B39F /* Project object */;
			proxyType = 1;
			remoteGlobalIDString = 203BCDE52B9CA3720072B39F;
			remoteInfo = RickAndMorty;
		};
		203BCE012B9CA3760072B39F /* PBXContainerItemProxy */ = {
			isa = PBXContainerItemProxy;
			containerPortal = 203BCDDE2B9CA3720072B39F /* Project object */;
			proxyType = 1;
			remoteGlobalIDString = 203BCDE52B9CA3720072B39F;
			remoteInfo = RickAndMorty;
		};
/* End PBXContainerItemProxy section */

/* Begin PBXFileReference section */
		203BCDE62B9CA3720072B39F /* RickAndMorty.app */ = {isa = PBXFileReference; explicitFileType = wrapper.application; includeInIndex = 0; path = RickAndMorty.app; sourceTree = BUILT_PRODUCTS_DIR; };
		203BCDE92B9CA3720072B39F /* RickAndMortyApp.swift */ = {isa = PBXFileReference; lastKnownFileType = sourcecode.swift; path = RickAndMortyApp.swift; sourceTree = "<group>"; };
		203BCDED2B9CA3750072B39F /* Assets.xcassets */ = {isa = PBXFileReference; lastKnownFileType = folder.assetcatalog; path = Assets.xcassets; sourceTree = "<group>"; };
		203BCDF02B9CA3750072B39F /* Preview Assets.xcassets */ = {isa = PBXFileReference; lastKnownFileType = folder.assetcatalog; path = "Preview Assets.xcassets"; sourceTree = "<group>"; };
		203BCDF62B9CA3760072B39F /* RickAndMortyTests.xctest */ = {isa = PBXFileReference; explicitFileType = wrapper.cfbundle; includeInIndex = 0; path = RickAndMortyTests.xctest; sourceTree = BUILT_PRODUCTS_DIR; };
		203BCDFA2B9CA3760072B39F /* RickAndMortyTests.swift */ = {isa = PBXFileReference; lastKnownFileType = sourcecode.swift; path = RickAndMortyTests.swift; sourceTree = "<group>"; };
		203BCE002B9CA3760072B39F /* RickAndMortyUITests.xctest */ = {isa = PBXFileReference; explicitFileType = wrapper.cfbundle; includeInIndex = 0; path = RickAndMortyUITests.xctest; sourceTree = BUILT_PRODUCTS_DIR; };
		203BCE042B9CA3760072B39F /* RickAndMortyUITests.swift */ = {isa = PBXFileReference; lastKnownFileType = sourcecode.swift; path = RickAndMortyUITests.swift; sourceTree = "<group>"; };
		203BCE062B9CA3760072B39F /* RickAndMortyUITestsLaunchTests.swift */ = {isa = PBXFileReference; lastKnownFileType = sourcecode.swift; path = RickAndMortyUITestsLaunchTests.swift; sourceTree = "<group>"; };
		203BCE162B9CA4170072B39F /* CharacterDetailsViewModel.swift */ = {isa = PBXFileReference; lastKnownFileType = sourcecode.swift; path = CharacterDetailsViewModel.swift; sourceTree = "<group>"; };
		203BCE182B9CA4240072B39F /* CharacterDetailsView.swift */ = {isa = PBXFileReference; lastKnownFileType = sourcecode.swift; path = CharacterDetailsView.swift; sourceTree = "<group>"; };
		203BCE1A2B9CA4310072B39F /* CharactersListView.swift */ = {isa = PBXFileReference; lastKnownFileType = sourcecode.swift; path = CharactersListView.swift; sourceTree = "<group>"; };
		203BCE1C2B9CA43F0072B39F /* CharacterListViewModel.swift */ = {isa = PBXFileReference; lastKnownFileType = sourcecode.swift; path = CharacterListViewModel.swift; sourceTree = "<group>"; };
		203BCE212B9CA49B0072B39F /* AppCoordinator.swift */ = {isa = PBXFileReference; lastKnownFileType = sourcecode.swift; path = AppCoordinator.swift; sourceTree = "<group>"; };
		203BCE252B9CA56C0072B39F /* AppContentView.swift */ = {isa = PBXFileReference; lastKnownFileType = sourcecode.swift; path = AppContentView.swift; sourceTree = "<group>"; };
		203BCE2A2B9CAA1B0072B39F /* CharactersRepository.swift */ = {isa = PBXFileReference; lastKnownFileType = sourcecode.swift; path = CharactersRepository.swift; sourceTree = "<group>"; };
		203BCE2F2B9CAB960072B39F /* CharacterResponse.swift */ = {isa = PBXFileReference; lastKnownFileType = sourcecode.swift; path = CharacterResponse.swift; sourceTree = "<group>"; };
		203BCE312B9CABE50072B39F /* MiddlewareManager.swift */ = {isa = PBXFileReference; lastKnownFileType = sourcecode.swift; path = MiddlewareManager.swift; sourceTree = "<group>"; };
		203BCE332B9CAC0F0072B39F /* APIRequestConvertible.swift */ = {isa = PBXFileReference; lastKnownFileType = sourcecode.swift; path = APIRequestConvertible.swift; sourceTree = "<group>"; };
		203BCE352B9CADF40072B39F /* APIError.swift */ = {isa = PBXFileReference; lastKnownFileType = sourcecode.swift; path = APIError.swift; sourceTree = "<group>"; };
		203BCE372B9CAE5E0072B39F /* APIResult.swift */ = {isa = PBXFileReference; lastKnownFileType = sourcecode.swift; path = APIResult.swift; sourceTree = "<group>"; };
		203BCE3B2B9CBA130072B39F /* CreateCharactersListUseCase.swift */ = {isa = PBXFileReference; lastKnownFileType = sourcecode.swift; path = CreateCharactersListUseCase.swift; sourceTree = "<group>"; };
		203BCE3D2B9CBAD90072B39F /* CharacterModel.swift */ = {isa = PBXFileReference; lastKnownFileType = sourcecode.swift; path = CharacterModel.swift; sourceTree = "<group>"; };
		203BCE3F2B9CBEB20072B39F /* GetCharactersListUseCase.swift */ = {isa = PBXFileReference; lastKnownFileType = sourcecode.swift; path = GetCharactersListUseCase.swift; sourceTree = "<group>"; };
		203BCE422B9CE3C20072B39F /* Styles.swift */ = {isa = PBXFileReference; lastKnownFileType = sourcecode.swift; path = Styles.swift; sourceTree = "<group>"; };
		203BCE442B9CE8BB0072B39F /* CharacterListState.swift */ = {isa = PBXFileReference; lastKnownFileType = sourcecode.swift; path = CharacterListState.swift; sourceTree = "<group>"; };
		203BCE462B9CEBA80072B39F /* RMAsyncImage.swift */ = {isa = PBXFileReference; lastKnownFileType = sourcecode.swift; path = RMAsyncImage.swift; sourceTree = "<group>"; };
/* End PBXFileReference section */

/* Begin PBXFrameworksBuildPhase section */
		203BCDE32B9CA3720072B39F /* Frameworks */ = {
			isa = PBXFrameworksBuildPhase;
			buildActionMask = 2147483647;
			files = (
			);
			runOnlyForDeploymentPostprocessing = 0;
		};
		203BCDF32B9CA3760072B39F /* Frameworks */ = {
			isa = PBXFrameworksBuildPhase;
			buildActionMask = 2147483647;
			files = (
			);
			runOnlyForDeploymentPostprocessing = 0;
		};
		203BCDFD2B9CA3760072B39F /* Frameworks */ = {
			isa = PBXFrameworksBuildPhase;
			buildActionMask = 2147483647;
			files = (
			);
			runOnlyForDeploymentPostprocessing = 0;
		};
/* End PBXFrameworksBuildPhase section */

/* Begin PBXGroup section */
		203BCDDD2B9CA3720072B39F = {
			isa = PBXGroup;
			children = (
				203BCDE82B9CA3720072B39F /* RickAndMorty */,
				203BCDF92B9CA3760072B39F /* RickAndMortyTests */,
				203BCE032B9CA3760072B39F /* RickAndMortyUITests */,
				203BCDE72B9CA3720072B39F /* Products */,
			);
			sourceTree = "<group>";
		};
		203BCDE72B9CA3720072B39F /* Products */ = {
			isa = PBXGroup;
			children = (
				203BCDE62B9CA3720072B39F /* RickAndMorty.app */,
				203BCDF62B9CA3760072B39F /* RickAndMortyTests.xctest */,
				203BCE002B9CA3760072B39F /* RickAndMortyUITests.xctest */,
			);
			name = Products;
			sourceTree = "<group>";
		};
		203BCDE82B9CA3720072B39F /* RickAndMorty */ = {
			isa = PBXGroup;
			children = (
				203BCDE92B9CA3720072B39F /* RickAndMortyApp.swift */,
				203BCE1E2B9CA46B0072B39F /* AppConfiguration */,
				203BCE132B9CA3AE0072B39F /* Presentation */,
				203BCE272B9CA91E0072B39F /* Domain */,
				203BCE282B9CA9290072B39F /* Data */,
				203BCE412B9CE39C0072B39F /* Utils */,
				203BCDED2B9CA3750072B39F /* Assets.xcassets */,
				203BCDEF2B9CA3750072B39F /* Preview Content */,
			);
			path = RickAndMorty;
			sourceTree = "<group>";
		};
		203BCDEF2B9CA3750072B39F /* Preview Content */ = {
			isa = PBXGroup;
			children = (
				203BCDF02B9CA3750072B39F /* Preview Assets.xcassets */,
			);
			path = "Preview Content";
			sourceTree = "<group>";
		};
		203BCDF92B9CA3760072B39F /* RickAndMortyTests */ = {
			isa = PBXGroup;
			children = (
				203BCDFA2B9CA3760072B39F /* RickAndMortyTests.swift */,
			);
			path = RickAndMortyTests;
			sourceTree = "<group>";
		};
		203BCE032B9CA3760072B39F /* RickAndMortyUITests */ = {
			isa = PBXGroup;
			children = (
				203BCE042B9CA3760072B39F /* RickAndMortyUITests.swift */,
				203BCE062B9CA3760072B39F /* RickAndMortyUITestsLaunchTests.swift */,
			);
			path = RickAndMortyUITests;
			sourceTree = "<group>";
		};
		203BCE132B9CA3AE0072B39F /* Presentation */ = {
			isa = PBXGroup;
			children = (
				203BCE152B9CA3E80072B39F /* CharacterDetails */,
				203BCE142B9CA3DF0072B39F /* CharactersList */,
				203BCE462B9CEBA80072B39F /* RMAsyncImage.swift */,
			);
			path = Presentation;
			sourceTree = "<group>";
		};
		203BCE142B9CA3DF0072B39F /* CharactersList */ = {
			isa = PBXGroup;
			children = (
				203BCE1A2B9CA4310072B39F /* CharactersListView.swift */,
				203BCE1C2B9CA43F0072B39F /* CharacterListViewModel.swift */,
				203BCE442B9CE8BB0072B39F /* CharacterListState.swift */,
			);
			path = CharactersList;
			sourceTree = "<group>";
		};
		203BCE152B9CA3E80072B39F /* CharacterDetails */ = {
			isa = PBXGroup;
			children = (
				203BCE162B9CA4170072B39F /* CharacterDetailsViewModel.swift */,
				203BCE182B9CA4240072B39F /* CharacterDetailsView.swift */,
			);
			path = CharacterDetails;
			sourceTree = "<group>";
		};
		203BCE1E2B9CA46B0072B39F /* AppConfiguration */ = {
			isa = PBXGroup;
			children = (
				203BCE212B9CA49B0072B39F /* AppCoordinator.swift */,
				203BCE252B9CA56C0072B39F /* AppContentView.swift */,
			);
			path = AppConfiguration;
			sourceTree = "<group>";
		};
		203BCE272B9CA91E0072B39F /* Domain */ = {
			isa = PBXGroup;
			children = (
				203BCE3A2B9CB9A20072B39F /* Model */,
				203BCE392B9CB9940072B39F /* UseCases */,
			);
			path = Domain;
			sourceTree = "<group>";
		};
		203BCE282B9CA9290072B39F /* Data */ = {
			isa = PBXGroup;
			children = (
				203BCE2E2B9CAB6A0072B39F /* Models */,
				203BCE2C2B9CAB210072B39F /* Netwroking */,
			);
			path = Data;
			sourceTree = "<group>";
		};
		203BCE292B9CA9C20072B39F /* CharactersRepository */ = {
			isa = PBXGroup;
			children = (
				203BCE2A2B9CAA1B0072B39F /* CharactersRepository.swift */,
			);
			path = CharactersRepository;
			sourceTree = "<group>";
		};
		203BCE2C2B9CAB210072B39F /* Netwroking */ = {
			isa = PBXGroup;
			children = (
				203BCE292B9CA9C20072B39F /* CharactersRepository */,
				203BCE2D2B9CAB300072B39F /* APICall */,
			);
			path = Netwroking;
			sourceTree = "<group>";
		};
		203BCE2D2B9CAB300072B39F /* APICall */ = {
			isa = PBXGroup;
			children = (
				203BCE312B9CABE50072B39F /* MiddlewareManager.swift */,
				203BCE332B9CAC0F0072B39F /* APIRequestConvertible.swift */,
				203BCE352B9CADF40072B39F /* APIError.swift */,
			);
			path = APICall;
			sourceTree = "<group>";
		};
		203BCE2E2B9CAB6A0072B39F /* Models */ = {
			isa = PBXGroup;
			children = (
				203BCE2F2B9CAB960072B39F /* CharacterResponse.swift */,
				203BCE372B9CAE5E0072B39F /* APIResult.swift */,
			);
			path = Models;
			sourceTree = "<group>";
		};
		203BCE392B9CB9940072B39F /* UseCases */ = {
			isa = PBXGroup;
			children = (
				203BCE3B2B9CBA130072B39F /* CreateCharactersListUseCase.swift */,
				203BCE3F2B9CBEB20072B39F /* GetCharactersListUseCase.swift */,
			);
			path = UseCases;
			sourceTree = "<group>";
		};
		203BCE3A2B9CB9A20072B39F /* Model */ = {
			isa = PBXGroup;
			children = (
				203BCE3D2B9CBAD90072B39F /* CharacterModel.swift */,
			);
			path = Model;
			sourceTree = "<group>";
		};
		203BCE412B9CE39C0072B39F /* Utils */ = {
			isa = PBXGroup;
			children = (
				203BCE422B9CE3C20072B39F /* Styles.swift */,
			);
			path = Utils;
			sourceTree = "<group>";
		};
/* End PBXGroup section */

/* Begin PBXNativeTarget section */
		203BCDE52B9CA3720072B39F /* RickAndMorty */ = {
			isa = PBXNativeTarget;
			buildConfigurationList = 203BCE0A2B9CA3760072B39F /* Build configuration list for PBXNativeTarget "RickAndMorty" */;
			buildPhases = (
				203BCDE22B9CA3720072B39F /* Sources */,
				203BCDE32B9CA3720072B39F /* Frameworks */,
				203BCDE42B9CA3720072B39F /* Resources */,
			);
			buildRules = (
			);
			dependencies = (
			);
			name = RickAndMorty;
			productName = RickAndMorty;
			productReference = 203BCDE62B9CA3720072B39F /* RickAndMorty.app */;
			productType = "com.apple.product-type.application";
		};
		203BCDF52B9CA3760072B39F /* RickAndMortyTests */ = {
			isa = PBXNativeTarget;
			buildConfigurationList = 203BCE0D2B9CA3760072B39F /* Build configuration list for PBXNativeTarget "RickAndMortyTests" */;
			buildPhases = (
				203BCDF22B9CA3760072B39F /* Sources */,
				203BCDF32B9CA3760072B39F /* Frameworks */,
				203BCDF42B9CA3760072B39F /* Resources */,
			);
			buildRules = (
			);
			dependencies = (
				203BCDF82B9CA3760072B39F /* PBXTargetDependency */,
			);
			name = RickAndMortyTests;
			productName = RickAndMortyTests;
			productReference = 203BCDF62B9CA3760072B39F /* RickAndMortyTests.xctest */;
			productType = "com.apple.product-type.bundle.unit-test";
		};
		203BCDFF2B9CA3760072B39F /* RickAndMortyUITests */ = {
			isa = PBXNativeTarget;
			buildConfigurationList = 203BCE102B9CA3760072B39F /* Build configuration list for PBXNativeTarget "RickAndMortyUITests" */;
			buildPhases = (
				203BCDFC2B9CA3760072B39F /* Sources */,
				203BCDFD2B9CA3760072B39F /* Frameworks */,
				203BCDFE2B9CA3760072B39F /* Resources */,
			);
			buildRules = (
			);
			dependencies = (
				203BCE022B9CA3760072B39F /* PBXTargetDependency */,
			);
			name = RickAndMortyUITests;
			productName = RickAndMortyUITests;
			productReference = 203BCE002B9CA3760072B39F /* RickAndMortyUITests.xctest */;
			productType = "com.apple.product-type.bundle.ui-testing";
		};
/* End PBXNativeTarget section */

/* Begin PBXProject section */
		203BCDDE2B9CA3720072B39F /* Project object */ = {
			isa = PBXProject;
			attributes = {
				BuildIndependentTargetsInParallel = 1;
				LastSwiftUpdateCheck = 1500;
				LastUpgradeCheck = 1500;
				TargetAttributes = {
					203BCDE52B9CA3720072B39F = {
						CreatedOnToolsVersion = 15.0;
					};
					203BCDF52B9CA3760072B39F = {
						CreatedOnToolsVersion = 15.0;
						TestTargetID = 203BCDE52B9CA3720072B39F;
					};
					203BCDFF2B9CA3760072B39F = {
						CreatedOnToolsVersion = 15.0;
						TestTargetID = 203BCDE52B9CA3720072B39F;
					};
				};
			};
			buildConfigurationList = 203BCDE12B9CA3720072B39F /* Build configuration list for PBXProject "RickAndMorty" */;
			compatibilityVersion = "Xcode 14.0";
			developmentRegion = en;
			hasScannedForEncodings = 0;
			knownRegions = (
				en,
				Base,
			);
			mainGroup = 203BCDDD2B9CA3720072B39F;
			productRefGroup = 203BCDE72B9CA3720072B39F /* Products */;
			projectDirPath = "";
			projectRoot = "";
			targets = (
				203BCDE52B9CA3720072B39F /* RickAndMorty */,
				203BCDF52B9CA3760072B39F /* RickAndMortyTests */,
				203BCDFF2B9CA3760072B39F /* RickAndMortyUITests */,
			);
		};
/* End PBXProject section */

/* Begin PBXResourcesBuildPhase section */
		203BCDE42B9CA3720072B39F /* Resources */ = {
			isa = PBXResourcesBuildPhase;
			buildActionMask = 2147483647;
			files = (
				203BCDF12B9CA3750072B39F /* Preview Assets.xcassets in Resources */,
				203BCDEE2B9CA3750072B39F /* Assets.xcassets in Resources */,
			);
			runOnlyForDeploymentPostprocessing = 0;
		};
		203BCDF42B9CA3760072B39F /* Resources */ = {
			isa = PBXResourcesBuildPhase;
			buildActionMask = 2147483647;
			files = (
			);
			runOnlyForDeploymentPostprocessing = 0;
		};
		203BCDFE2B9CA3760072B39F /* Resources */ = {
			isa = PBXResourcesBuildPhase;
			buildActionMask = 2147483647;
			files = (
			);
			runOnlyForDeploymentPostprocessing = 0;
		};
/* End PBXResourcesBuildPhase section */

/* Begin PBXSourcesBuildPhase section */
		203BCDE22B9CA3720072B39F /* Sources */ = {
			isa = PBXSourcesBuildPhase;
			buildActionMask = 2147483647;
			files = (
				203BCE1B2B9CA4310072B39F /* CharactersListView.swift in Sources */,
				203BCE2B2B9CAA1B0072B39F /* CharactersRepository.swift in Sources */,
				203BCE452B9CE8BB0072B39F /* CharacterListState.swift in Sources */,
				203BCE302B9CAB960072B39F /* CharacterResponse.swift in Sources */,
				203BCE3C2B9CBA130072B39F /* CreateCharactersListUseCase.swift in Sources */,
				203BCDEA2B9CA3720072B39F /* RickAndMortyApp.swift in Sources */,
				203BCE382B9CAE5E0072B39F /* APIResult.swift in Sources */,
				203BCE222B9CA49B0072B39F /* AppCoordinator.swift in Sources */,
				203BCE342B9CAC0F0072B39F /* APIRequestConvertible.swift in Sources */,
				203BCE432B9CE3C20072B39F /* Styles.swift in Sources */,
				203BCE322B9CABE50072B39F /* MiddlewareManager.swift in Sources */,
				203BCE172B9CA4170072B39F /* CharacterDetailsViewModel.swift in Sources */,
				203BCE1D2B9CA43F0072B39F /* CharacterListViewModel.swift in Sources */,
				203BCE262B9CA56C0072B39F /* AppContentView.swift in Sources */,
				203BCE3E2B9CBAD90072B39F /* CharacterModel.swift in Sources */,
				203BCE402B9CBEB20072B39F /* GetCharactersListUseCase.swift in Sources */,
				203BCE192B9CA4240072B39F /* CharacterDetailsView.swift in Sources */,
				203BCE362B9CADF40072B39F /* APIError.swift in Sources */,
				203BCE472B9CEBA80072B39F /* RMAsyncImage.swift in Sources */,
			);
			runOnlyForDeploymentPostprocessing = 0;
		};
		203BCDF22B9CA3760072B39F /* Sources */ = {
			isa = PBXSourcesBuildPhase;
			buildActionMask = 2147483647;
			files = (
				203BCDFB2B9CA3760072B39F /* RickAndMortyTests.swift in Sources */,
			);
			runOnlyForDeploymentPostprocessing = 0;
		};
		203BCDFC2B9CA3760072B39F /* Sources */ = {
			isa = PBXSourcesBuildPhase;
			buildActionMask = 2147483647;
			files = (
				203BCE052B9CA3760072B39F /* RickAndMortyUITests.swift in Sources */,
				203BCE072B9CA3760072B39F /* RickAndMortyUITestsLaunchTests.swift in Sources */,
			);
			runOnlyForDeploymentPostprocessing = 0;
		};
/* End PBXSourcesBuildPhase section */

/* Begin PBXTargetDependency section */
		203BCDF82B9CA3760072B39F /* PBXTargetDependency */ = {
			isa = PBXTargetDependency;
			target = 203BCDE52B9CA3720072B39F /* RickAndMorty */;
			targetProxy = 203BCDF72B9CA3760072B39F /* PBXContainerItemProxy */;
		};
		203BCE022B9CA3760072B39F /* PBXTargetDependency */ = {
			isa = PBXTargetDependency;
			target = 203BCDE52B9CA3720072B39F /* RickAndMorty */;
			targetProxy = 203BCE012B9CA3760072B39F /* PBXContainerItemProxy */;
		};
/* End PBXTargetDependency section */

/* Begin XCBuildConfiguration section */
		203BCE082B9CA3760072B39F /* Debug */ = {
			isa = XCBuildConfiguration;
			buildSettings = {
				ALWAYS_SEARCH_USER_PATHS = NO;
				ASSETCATALOG_COMPILER_GENERATE_SWIFT_ASSET_SYMBOL_EXTENSIONS = YES;
				CLANG_ANALYZER_NONNULL = YES;
				CLANG_ANALYZER_NUMBER_OBJECT_CONVERSION = YES_AGGRESSIVE;
				CLANG_CXX_LANGUAGE_STANDARD = "gnu++20";
				CLANG_ENABLE_MODULES = YES;
				CLANG_ENABLE_OBJC_ARC = YES;
				CLANG_ENABLE_OBJC_WEAK = YES;
				CLANG_WARN_BLOCK_CAPTURE_AUTORELEASING = YES;
				CLANG_WARN_BOOL_CONVERSION = YES;
				CLANG_WARN_COMMA = YES;
				CLANG_WARN_CONSTANT_CONVERSION = YES;
				CLANG_WARN_DEPRECATED_OBJC_IMPLEMENTATIONS = YES;
				CLANG_WARN_DIRECT_OBJC_ISA_USAGE = YES_ERROR;
				CLANG_WARN_DOCUMENTATION_COMMENTS = YES;
				CLANG_WARN_EMPTY_BODY = YES;
				CLANG_WARN_ENUM_CONVERSION = YES;
				CLANG_WARN_INFINITE_RECURSION = YES;
				CLANG_WARN_INT_CONVERSION = YES;
				CLANG_WARN_NON_LITERAL_NULL_CONVERSION = YES;
				CLANG_WARN_OBJC_IMPLICIT_RETAIN_SELF = YES;
				CLANG_WARN_OBJC_LITERAL_CONVERSION = YES;
				CLANG_WARN_OBJC_ROOT_CLASS = YES_ERROR;
				CLANG_WARN_QUOTED_INCLUDE_IN_FRAMEWORK_HEADER = YES;
				CLANG_WARN_RANGE_LOOP_ANALYSIS = YES;
				CLANG_WARN_STRICT_PROTOTYPES = YES;
				CLANG_WARN_SUSPICIOUS_MOVE = YES;
				CLANG_WARN_UNGUARDED_AVAILABILITY = YES_AGGRESSIVE;
				CLANG_WARN_UNREACHABLE_CODE = YES;
				CLANG_WARN__DUPLICATE_METHOD_MATCH = YES;
				COPY_PHASE_STRIP = NO;
				DEBUG_INFORMATION_FORMAT = dwarf;
				ENABLE_STRICT_OBJC_MSGSEND = YES;
				ENABLE_TESTABILITY = YES;
				ENABLE_USER_SCRIPT_SANDBOXING = YES;
				GCC_C_LANGUAGE_STANDARD = gnu17;
				GCC_DYNAMIC_NO_PIC = NO;
				GCC_NO_COMMON_BLOCKS = YES;
				GCC_OPTIMIZATION_LEVEL = 0;
				GCC_PREPROCESSOR_DEFINITIONS = (
					"DEBUG=1",
					"$(inherited)",
				);
				GCC_WARN_64_TO_32_BIT_CONVERSION = YES;
				GCC_WARN_ABOUT_RETURN_TYPE = YES_ERROR;
				GCC_WARN_UNDECLARED_SELECTOR = YES;
				GCC_WARN_UNINITIALIZED_AUTOS = YES_AGGRESSIVE;
				GCC_WARN_UNUSED_FUNCTION = YES;
				GCC_WARN_UNUSED_VARIABLE = YES;
				IPHONEOS_DEPLOYMENT_TARGET = 17.0;
				LOCALIZATION_PREFERS_STRING_CATALOGS = YES;
				MTL_ENABLE_DEBUG_INFO = INCLUDE_SOURCE;
				MTL_FAST_MATH = YES;
				ONLY_ACTIVE_ARCH = YES;
				SDKROOT = iphoneos;
				SWIFT_ACTIVE_COMPILATION_CONDITIONS = "DEBUG $(inherited)";
				SWIFT_OPTIMIZATION_LEVEL = "-Onone";
			};
			name = Debug;
		};
		203BCE092B9CA3760072B39F /* Release */ = {
			isa = XCBuildConfiguration;
			buildSettings = {
				ALWAYS_SEARCH_USER_PATHS = NO;
				ASSETCATALOG_COMPILER_GENERATE_SWIFT_ASSET_SYMBOL_EXTENSIONS = YES;
				CLANG_ANALYZER_NONNULL = YES;
				CLANG_ANALYZER_NUMBER_OBJECT_CONVERSION = YES_AGGRESSIVE;
				CLANG_CXX_LANGUAGE_STANDARD = "gnu++20";
				CLANG_ENABLE_MODULES = YES;
				CLANG_ENABLE_OBJC_ARC = YES;
				CLANG_ENABLE_OBJC_WEAK = YES;
				CLANG_WARN_BLOCK_CAPTURE_AUTORELEASING = YES;
				CLANG_WARN_BOOL_CONVERSION = YES;
				CLANG_WARN_COMMA = YES;
				CLANG_WARN_CONSTANT_CONVERSION = YES;
				CLANG_WARN_DEPRECATED_OBJC_IMPLEMENTATIONS = YES;
				CLANG_WARN_DIRECT_OBJC_ISA_USAGE = YES_ERROR;
				CLANG_WARN_DOCUMENTATION_COMMENTS = YES;
				CLANG_WARN_EMPTY_BODY = YES;
				CLANG_WARN_ENUM_CONVERSION = YES;
				CLANG_WARN_INFINITE_RECURSION = YES;
				CLANG_WARN_INT_CONVERSION = YES;
				CLANG_WARN_NON_LITERAL_NULL_CONVERSION = YES;
				CLANG_WARN_OBJC_IMPLICIT_RETAIN_SELF = YES;
				CLANG_WARN_OBJC_LITERAL_CONVERSION = YES;
				CLANG_WARN_OBJC_ROOT_CLASS = YES_ERROR;
				CLANG_WARN_QUOTED_INCLUDE_IN_FRAMEWORK_HEADER = YES;
				CLANG_WARN_RANGE_LOOP_ANALYSIS = YES;
				CLANG_WARN_STRICT_PROTOTYPES = YES;
				CLANG_WARN_SUSPICIOUS_MOVE = YES;
				CLANG_WARN_UNGUARDED_AVAILABILITY = YES_AGGRESSIVE;
				CLANG_WARN_UNREACHABLE_CODE = YES;
				CLANG_WARN__DUPLICATE_METHOD_MATCH = YES;
				COPY_PHASE_STRIP = NO;
				DEBUG_INFORMATION_FORMAT = "dwarf-with-dsym";
				ENABLE_NS_ASSERTIONS = NO;
				ENABLE_STRICT_OBJC_MSGSEND = YES;
				ENABLE_USER_SCRIPT_SANDBOXING = YES;
				GCC_C_LANGUAGE_STANDARD = gnu17;
				GCC_NO_COMMON_BLOCKS = YES;
				GCC_WARN_64_TO_32_BIT_CONVERSION = YES;
				GCC_WARN_ABOUT_RETURN_TYPE = YES_ERROR;
				GCC_WARN_UNDECLARED_SELECTOR = YES;
				GCC_WARN_UNINITIALIZED_AUTOS = YES_AGGRESSIVE;
				GCC_WARN_UNUSED_FUNCTION = YES;
				GCC_WARN_UNUSED_VARIABLE = YES;
				IPHONEOS_DEPLOYMENT_TARGET = 17.0;
				LOCALIZATION_PREFERS_STRING_CATALOGS = YES;
				MTL_ENABLE_DEBUG_INFO = NO;
				MTL_FAST_MATH = YES;
				SDKROOT = iphoneos;
				SWIFT_COMPILATION_MODE = wholemodule;
				VALIDATE_PRODUCT = YES;
			};
			name = Release;
		};
		203BCE0B2B9CA3760072B39F /* Debug */ = {
			isa = XCBuildConfiguration;
			buildSettings = {
				ASSETCATALOG_COMPILER_APPICON_NAME = AppIcon;
				ASSETCATALOG_COMPILER_GLOBAL_ACCENT_COLOR_NAME = AccentColor;
				CODE_SIGN_STYLE = Automatic;
				CURRENT_PROJECT_VERSION = 1;
				DEVELOPMENT_ASSET_PATHS = "\"RickAndMorty/Preview Content\"";
				ENABLE_PREVIEWS = YES;
				GENERATE_INFOPLIST_FILE = YES;
				INFOPLIST_KEY_UIApplicationSceneManifest_Generation = YES;
				INFOPLIST_KEY_UIApplicationSupportsIndirectInputEvents = YES;
				INFOPLIST_KEY_UILaunchScreen_Generation = YES;
				INFOPLIST_KEY_UISupportedInterfaceOrientations_iPad = "UIInterfaceOrientationPortrait UIInterfaceOrientationPortraitUpsideDown UIInterfaceOrientationLandscapeLeft UIInterfaceOrientationLandscapeRight";
				INFOPLIST_KEY_UISupportedInterfaceOrientations_iPhone = "UIInterfaceOrientationPortrait UIInterfaceOrientationLandscapeLeft UIInterfaceOrientationLandscapeRight";
				LD_RUNPATH_SEARCH_PATHS = (
					"$(inherited)",
					"@executable_path/Frameworks",
				);
				MARKETING_VERSION = 1.0;
				PRODUCT_BUNDLE_IDENTIFIER = rim.RickAndMorty;
				PRODUCT_NAME = "$(TARGET_NAME)";
				SWIFT_EMIT_LOC_STRINGS = YES;
				SWIFT_VERSION = 5.0;
				TARGETED_DEVICE_FAMILY = "1,2";
			};
			name = Debug;
		};
		203BCE0C2B9CA3760072B39F /* Release */ = {
			isa = XCBuildConfiguration;
			buildSettings = {
				ASSETCATALOG_COMPILER_APPICON_NAME = AppIcon;
				ASSETCATALOG_COMPILER_GLOBAL_ACCENT_COLOR_NAME = AccentColor;
				CODE_SIGN_STYLE = Automatic;
				CURRENT_PROJECT_VERSION = 1;
				DEVELOPMENT_ASSET_PATHS = "\"RickAndMorty/Preview Content\"";
				ENABLE_PREVIEWS = YES;
				GENERATE_INFOPLIST_FILE = YES;
				INFOPLIST_KEY_UIApplicationSceneManifest_Generation = YES;
				INFOPLIST_KEY_UIApplicationSupportsIndirectInputEvents = YES;
				INFOPLIST_KEY_UILaunchScreen_Generation = YES;
				INFOPLIST_KEY_UISupportedInterfaceOrientations_iPad = "UIInterfaceOrientationPortrait UIInterfaceOrientationPortraitUpsideDown UIInterfaceOrientationLandscapeLeft UIInterfaceOrientationLandscapeRight";
				INFOPLIST_KEY_UISupportedInterfaceOrientations_iPhone = "UIInterfaceOrientationPortrait UIInterfaceOrientationLandscapeLeft UIInterfaceOrientationLandscapeRight";
				LD_RUNPATH_SEARCH_PATHS = (
					"$(inherited)",
					"@executable_path/Frameworks",
				);
				MARKETING_VERSION = 1.0;
				PRODUCT_BUNDLE_IDENTIFIER = rim.RickAndMorty;
				PRODUCT_NAME = "$(TARGET_NAME)";
				SWIFT_EMIT_LOC_STRINGS = YES;
				SWIFT_VERSION = 5.0;
				TARGETED_DEVICE_FAMILY = "1,2";
			};
			name = Release;
		};
		203BCE0E2B9CA3760072B39F /* Debug */ = {
			isa = XCBuildConfiguration;
			buildSettings = {
				ALWAYS_EMBED_SWIFT_STANDARD_LIBRARIES = YES;
				BUNDLE_LOADER = "$(TEST_HOST)";
				CODE_SIGN_STYLE = Automatic;
				CURRENT_PROJECT_VERSION = 1;
				GENERATE_INFOPLIST_FILE = YES;
				IPHONEOS_DEPLOYMENT_TARGET = 17.0;
				MARKETING_VERSION = 1.0;
				PRODUCT_BUNDLE_IDENTIFIER = rim.RickAndMortyTests;
				PRODUCT_NAME = "$(TARGET_NAME)";
				SWIFT_EMIT_LOC_STRINGS = NO;
				SWIFT_VERSION = 5.0;
				TARGETED_DEVICE_FAMILY = "1,2";
				TEST_HOST = "$(BUILT_PRODUCTS_DIR)/RickAndMorty.app/$(BUNDLE_EXECUTABLE_FOLDER_PATH)/RickAndMorty";
			};
			name = Debug;
		};
		203BCE0F2B9CA3760072B39F /* Release */ = {
			isa = XCBuildConfiguration;
			buildSettings = {
				ALWAYS_EMBED_SWIFT_STANDARD_LIBRARIES = YES;
				BUNDLE_LOADER = "$(TEST_HOST)";
				CODE_SIGN_STYLE = Automatic;
				CURRENT_PROJECT_VERSION = 1;
				GENERATE_INFOPLIST_FILE = YES;
				IPHONEOS_DEPLOYMENT_TARGET = 17.0;
				MARKETING_VERSION = 1.0;
				PRODUCT_BUNDLE_IDENTIFIER = rim.RickAndMortyTests;
				PRODUCT_NAME = "$(TARGET_NAME)";
				SWIFT_EMIT_LOC_STRINGS = NO;
				SWIFT_VERSION = 5.0;
				TARGETED_DEVICE_FAMILY = "1,2";
				TEST_HOST = "$(BUILT_PRODUCTS_DIR)/RickAndMorty.app/$(BUNDLE_EXECUTABLE_FOLDER_PATH)/RickAndMorty";
			};
			name = Release;
		};
		203BCE112B9CA3760072B39F /* Debug */ = {
			isa = XCBuildConfiguration;
			buildSettings = {
				ALWAYS_EMBED_SWIFT_STANDARD_LIBRARIES = YES;
				CODE_SIGN_STYLE = Automatic;
				CURRENT_PROJECT_VERSION = 1;
				GENERATE_INFOPLIST_FILE = YES;
				MARKETING_VERSION = 1.0;
				PRODUCT_BUNDLE_IDENTIFIER = rim.RickAndMortyUITests;
				PRODUCT_NAME = "$(TARGET_NAME)";
				SWIFT_EMIT_LOC_STRINGS = NO;
				SWIFT_VERSION = 5.0;
				TARGETED_DEVICE_FAMILY = "1,2";
				TEST_TARGET_NAME = RickAndMorty;
			};
			name = Debug;
		};
		203BCE122B9CA3760072B39F /* Release */ = {
			isa = XCBuildConfiguration;
			buildSettings = {
				ALWAYS_EMBED_SWIFT_STANDARD_LIBRARIES = YES;
				CODE_SIGN_STYLE = Automatic;
				CURRENT_PROJECT_VERSION = 1;
				GENERATE_INFOPLIST_FILE = YES;
				MARKETING_VERSION = 1.0;
				PRODUCT_BUNDLE_IDENTIFIER = rim.RickAndMortyUITests;
				PRODUCT_NAME = "$(TARGET_NAME)";
				SWIFT_EMIT_LOC_STRINGS = NO;
				SWIFT_VERSION = 5.0;
				TARGETED_DEVICE_FAMILY = "1,2";
				TEST_TARGET_NAME = RickAndMorty;
			};
			name = Release;
		};
/* End XCBuildConfiguration section */

/* Begin XCConfigurationList section */
		203BCDE12B9CA3720072B39F /* Build configuration list for PBXProject "RickAndMorty" */ = {
			isa = XCConfigurationList;
			buildConfigurations = (
				203BCE082B9CA3760072B39F /* Debug */,
				203BCE092B9CA3760072B39F /* Release */,
			);
			defaultConfigurationIsVisible = 0;
			defaultConfigurationName = Release;
		};
		203BCE0A2B9CA3760072B39F /* Build configuration list for PBXNativeTarget "RickAndMorty" */ = {
			isa = XCConfigurationList;
			buildConfigurations = (
				203BCE0B2B9CA3760072B39F /* Debug */,
				203BCE0C2B9CA3760072B39F /* Release */,
			);
			defaultConfigurationIsVisible = 0;
			defaultConfigurationName = Release;
		};
		203BCE0D2B9CA3760072B39F /* Build configuration list for PBXNativeTarget "RickAndMortyTests" */ = {
			isa = XCConfigurationList;
			buildConfigurations = (
				203BCE0E2B9CA3760072B39F /* Debug */,
				203BCE0F2B9CA3760072B39F /* Release */,
			);
			defaultConfigurationIsVisible = 0;
			defaultConfigurationName = Release;
		};
		203BCE102B9CA3760072B39F /* Build configuration list for PBXNativeTarget "RickAndMortyUITests" */ = {
			isa = XCConfigurationList;
			buildConfigurations = (
				203BCE112B9CA3760072B39F /* Debug */,
				203BCE122B9CA3760072B39F /* Release */,
			);
			defaultConfigurationIsVisible = 0;
			defaultConfigurationName = Release;
		};
/* End XCConfigurationList section */
	};
	rootObject = 203BCDDE2B9CA3720072B39F /* Project object */;
}
